
Microsoft Visual Studio Solution File, Format Version 12.00
Project("{FAE04EC0-301F-11D3-BF4B-00C04F79EFBC}") = "Pipelink.Outbox", "Pipelink.Outbox\Pipelink.Outbox.csproj", "{AFB9E4CE-86D8-44C2-9CE3-601EAD9160F4}"
EndProject
Project("{FAE04EC0-301F-11D3-BF4B-00C04F79EFBC}") = "Pipelink.Outbox.Tests", "Pipelink.Outbox.Tests\Pipelink.Outbox.Tests.csproj", "{8D1F3221-67BC-4557-BB4F-6929960C2BD2}"
EndProject
Global
	GlobalSection(SolutionConfigurationPlatforms) = preSolution
		Debug|Any CPU = Debug|Any CPU
		Release|Any CPU = Release|Any CPU
	EndGlobalSection
	GlobalSection(ProjectConfigurationPlatforms) = postSolution
		{AFB9E4CE-86D8-44C2-9CE3-601EAD9160F4}.Debug|Any CPU.ActiveCfg = Debug|Any CPU
		{AFB9E4CE-86D8-44C2-9CE3-601EAD9160F4}.Debug|Any CPU.Build.0 = Debug|Any CPU
		{AFB9E4CE-86D8-44C2-9CE3-601EAD9160F4}.Release|Any CPU.ActiveCfg = Release|Any CPU
		{AFB9E4CE-86D8-44C2-9CE3-601EAD9160F4}.Release|Any CPU.Build.0 = Release|Any CPU
		{8D1F3221-67BC-4557-BB4F-6929960C2BD2}.Debug|Any CPU.ActiveCfg = Debug|Any CPU
		{8D1F3221-67BC-4557-BB4F-6929960C2BD2}.Debug|Any CPU.Build.0 = Debug|Any CPU
		{8D1F3221-67BC-4557-BB4F-6929960C2BD2}.Release|Any CPU.ActiveCfg = Release|Any CPU
		{8D1F3221-67BC-4557-BB4F-6929960C2BD2}.Release|Any CPU.Build.0 = Release|Any CPU
	EndGlobalSection
EndGlobal
